
Microsoft Visual Studio Solution File, Format Version 12.00
# Visual Studio 14
VisualStudioVersion = 14.0.25420.1
MinimumVisualStudioVersion = 10.0.40219.1
Project("{FAE04EC0-301F-11D3-BF4B-00C04F79EFBC}") = "MfinMobileApp.Android", "MfinMobileApp\MfinMobileApp.Android\MfinMobileApp.Android.csproj", "{F6A60FFD-018A-4D0D-B85A-634DE4382AD2}"
EndProject
Project("{FAE04EC0-301F-11D3-BF4B-00C04F79EFBC}") = "MfinMobileApp", "MfinMobileApp\MfinMobileApp\MfinMobileApp.csproj", "{D3AF522C-762B-4005-945F-1AFABFCB6B1B}"
EndProject
Project("{FAE04EC0-301F-11D3-BF4B-00C04F79EFBC}") = "MfinMobileApp.iOS", "MfinMobileApp\MfinMobileApp.iOS\MfinMobileApp.iOS.csproj", "{81355AC4-548C-4E94-AFDE-E513A292286A}"
EndProject
Global
	GlobalSection(SolutionConfigurationPlatforms) = preSolution
		Ad-Hoc|Any CPU = Ad-Hoc|Any CPU
		Ad-Hoc|iPhone = Ad-Hoc|iPhone
		Ad-Hoc|iPhoneSimulator = Ad-Hoc|iPhoneSimulator
		AppStore|Any CPU = AppStore|Any CPU
		AppStore|iPhone = AppStore|iPhone
		AppStore|iPhoneSimulator = AppStore|iPhoneSimulator
		Debug|Any CPU = Debug|Any CPU
		Debug|iPhone = Debug|iPhone
		Debug|iPhoneSimulator = Debug|iPhoneSimulator
		Release|Any CPU = Release|Any CPU
		Release|iPhone = Release|iPhone
		Release|iPhoneSimulator = Release|iPhoneSimulator
	EndGlobalSection
	GlobalSection(ProjectConfigurationPlatforms) = postSolution
		{F6A60FFD-018A-4D0D-B85A-634DE4382AD2}.Ad-Hoc|Any CPU.ActiveCfg = Release|Any CPU
		{F6A60FFD-018A-4D0D-B85A-634DE4382AD2}.Ad-Hoc|Any CPU.Build.0 = Release|Any CPU
		{F6A60FFD-018A-4D0D-B85A-634DE4382AD2}.Ad-Hoc|Any CPU.Deploy.0 = Release|Any CPU
		{F6A60FFD-018A-4D0D-B85A-634DE4382AD2}.Ad-Hoc|iPhone.ActiveCfg = Release|Any CPU
		{F6A60FFD-018A-4D0D-B85A-634DE4382AD2}.Ad-Hoc|iPhone.Build.0 = Release|Any CPU
		{F6A60FFD-018A-4D0D-B85A-634DE4382AD2}.Ad-Hoc|iPhone.Deploy.0 = Release|Any CPU
		{F6A60FFD-018A-4D0D-B85A-634DE4382AD2}.Ad-Hoc|iPhoneSimulator.ActiveCfg = Release|Any CPU
		{F6A60FFD-018A-4D0D-B85A-634DE4382AD2}.Ad-Hoc|iPhoneSimulator.Build.0 = Release|Any CPU
		{F6A60FFD-018A-4D0D-B85A-634DE4382AD2}.Ad-Hoc|iPhoneSimulator.Deploy.0 = Release|Any CPU
		{F6A60FFD-018A-4D0D-B85A-634DE4382AD2}.AppStore|Any CPU.ActiveCfg = Release|Any CPU
		{F6A60FFD-018A-4D0D-B85A-634DE4382AD2}.AppStore|Any CPU.Build.0 = Release|Any CPU
		{F6A60FFD-018A-4D0D-B85A-634DE4382AD2}.AppStore|Any CPU.Deploy.0 = Release|Any CPU
		{F6A60FFD-018A-4D0D-B85A-634DE4382AD2}.AppStore|iPhone.ActiveCfg = Release|Any CPU
		{F6A60FFD-018A-4D0D-B85A-634DE4382AD2}.AppStore|iPhone.Build.0 = Release|Any CPU
		{F6A60FFD-018A-4D0D-B85A-634DE4382AD2}.AppStore|iPhone.Deploy.0 = Release|Any CPU
		{F6A60FFD-018A-4D0D-B85A-634DE4382AD2}.AppStore|iPhoneSimulator.ActiveCfg = Release|Any CPU
		{F6A60FFD-018A-4D0D-B85A-634DE4382AD2}.AppStore|iPhoneSimulator.Build.0 = Release|Any CPU
		{F6A60FFD-018A-4D0D-B85A-634DE4382AD2}.AppStore|iPhoneSimulator.Deploy.0 = Release|Any CPU
		{F6A60FFD-018A-4D0D-B85A-634DE4382AD2}.Debug|Any CPU.ActiveCfg = Debug|Any CPU
		{F6A60FFD-018A-4D0D-B85A-634DE4382AD2}.Debug|Any CPU.Build.0 = Debug|Any CPU
		{F6A60FFD-018A-4D0D-B85A-634DE4382AD2}.Debug|Any CPU.Deploy.0 = Debug|Any CPU
		{F6A60FFD-018A-4D0D-B85A-634DE4382AD2}.Debug|iPhone.ActiveCfg = Debug|Any CPU
		{F6A60FFD-018A-4D0D-B85A-634DE4382AD2}.Debug|iPhone.Build.0 = Debug|Any CPU
		{F6A60FFD-018A-4D0D-B85A-634DE4382AD2}.Debug|iPhone.Deploy.0 = Debug|Any CPU
		{F6A60FFD-018A-4D0D-B85A-634DE4382AD2}.Debug|iPhoneSimulator.ActiveCfg = Debug|Any CPU
		{F6A60FFD-018A-4D0D-B85A-634DE4382AD2}.Debug|iPhoneSimulator.Build.0 = Debug|Any CPU
		{F6A60FFD-018A-4D0D-B85A-634DE4382AD2}.Debug|iPhoneSimulator.Deploy.0 = Debug|Any CPU
		{F6A60FFD-018A-4D0D-B85A-634DE4382AD2}.Release|Any CPU.ActiveCfg = Release|Any CPU
		{F6A60FFD-018A-4D0D-B85A-634DE4382AD2}.Release|Any CPU.Build.0 = Release|Any CPU
		{F6A60FFD-018A-4D0D-B85A-634DE4382AD2}.Release|Any CPU.Deploy.0 = Release|Any CPU
		{F6A60FFD-018A-4D0D-B85A-634DE4382AD2}.Release|iPhone.ActiveCfg = Release|Any CPU
		{F6A60FFD-018A-4D0D-B85A-634DE4382AD2}.Release|iPhone.Build.0 = Release|Any CPU
		{F6A60FFD-018A-4D0D-B85A-634DE4382AD2}.Release|iPhone.Deploy.0 = Release|Any CPU
		{F6A60FFD-018A-4D0D-B85A-634DE4382AD2}.Release|iPhoneSimulator.ActiveCfg = Release|Any CPU
		{F6A60FFD-018A-4D0D-B85A-634DE4382AD2}.Release|iPhoneSimulator.Build.0 = Release|Any CPU
		{F6A60FFD-018A-4D0D-B85A-634DE4382AD2}.Release|iPhoneSimulator.Deploy.0 = Release|Any CPU
		{D3AF522C-762B-4005-945F-1AFABFCB6B1B}.Ad-Hoc|Any CPU.ActiveCfg = Release|Any CPU
		{D3AF522C-762B-4005-945F-1AFABFCB6B1B}.Ad-Hoc|Any CPU.Build.0 = Release|Any CPU
		{D3AF522C-762B-4005-945F-1AFABFCB6B1B}.Ad-Hoc|iPhone.ActiveCfg = Release|Any CPU
		{D3AF522C-762B-4005-945F-1AFABFCB6B1B}.Ad-Hoc|iPhone.Build.0 = Release|Any CPU
		{D3AF522C-762B-4005-945F-1AFABFCB6B1B}.Ad-Hoc|iPhoneSimulator.ActiveCfg = Release|Any CPU
		{D3AF522C-762B-4005-945F-1AFABFCB6B1B}.Ad-Hoc|iPhoneSimulator.Build.0 = Release|Any CPU
		{D3AF522C-762B-4005-945F-1AFABFCB6B1B}.AppStore|Any CPU.ActiveCfg = Release|Any CPU
		{D3AF522C-762B-4005-945F-1AFABFCB6B1B}.AppStore|Any CPU.Build.0 = Release|Any CPU
		{D3AF522C-762B-4005-945F-1AFABFCB6B1B}.AppStore|iPhone.ActiveCfg = Release|Any CPU
		{D3AF522C-762B-4005-945F-1AFABFCB6B1B}.AppStore|iPhone.Build.0 = Release|Any CPU
		{D3AF522C-762B-4005-945F-1AFABFCB6B1B}.AppStore|iPhoneSimulator.ActiveCfg = Release|Any CPU
		{D3AF522C-762B-4005-945F-1AFABFCB6B1B}.AppStore|iPhoneSimulator.Build.0 = Release|Any CPU
		{D3AF522C-762B-4005-945F-1AFABFCB6B1B}.Debug|Any CPU.ActiveCfg = Debug|Any CPU
		{D3AF522C-762B-4005-945F-1AFABFCB6B1B}.Debug|Any CPU.Build.0 = Debug|Any CPU
		{D3AF522C-762B-4005-945F-1AFABFCB6B1B}.Debug|iPhone.ActiveCfg = Debug|Any CPU
		{D3AF522C-762B-4005-945F-1AFABFCB6B1B}.Debug|iPhone.Build.0 = Debug|Any CPU
		{D3AF522C-762B-4005-945F-1AFABFCB6B1B}.Debug|iPhoneSimulator.ActiveCfg = Debug|Any CPU
		{D3AF522C-762B-4005-945F-1AFABFCB6B1B}.Debug|iPhoneSimulator.Build.0 = Debug|Any CPU
		{D3AF522C-762B-4005-945F-1AFABFCB6B1B}.Release|Any CPU.ActiveCfg = Release|Any CPU
		{D3AF522C-762B-4005-945F-1AFABFCB6B1B}.Release|Any CPU.Build.0 = Release|Any CPU
		{D3AF522C-762B-4005-945F-1AFABFCB6B1B}.Release|iPhone.ActiveCfg = Release|Any CPU
		{D3AF522C-762B-4005-945F-1AFABFCB6B1B}.Release|iPhone.Build.0 = Release|Any CPU
		{D3AF522C-762B-4005-945F-1AFABFCB6B1B}.Release|iPhoneSimulator.ActiveCfg = Release|Any CPU
		{D3AF522C-762B-4005-945F-1AFABFCB6B1B}.Release|iPhoneSimulator.Build.0 = Release|Any CPU
		{81355AC4-548C-4E94-AFDE-E513A292286A}.Ad-Hoc|Any CPU.ActiveCfg = Ad-Hoc|iPhone
		{81355AC4-548C-4E94-AFDE-E513A292286A}.Ad-Hoc|iPhone.ActiveCfg = Ad-Hoc|iPhone
		{81355AC4-548C-4E94-AFDE-E513A292286A}.Ad-Hoc|iPhone.Build.0 = Ad-Hoc|iPhone
		{81355AC4-548C-4E94-AFDE-E513A292286A}.Ad-Hoc|iPhoneSimulator.ActiveCfg = Ad-Hoc|iPhoneSimulator
		{81355AC4-548C-4E94-AFDE-E513A292286A}.Ad-Hoc|iPhoneSimulator.Build.0 = Ad-Hoc|iPhoneSimulator
		{81355AC4-548C-4E94-AFDE-E513A292286A}.AppStore|Any CPU.ActiveCfg = AppStore|iPhone
		{81355AC4-548C-4E94-AFDE-E513A292286A}.AppStore|iPhone.ActiveCfg = AppStore|iPhone
		{81355AC4-548C-4E94-AFDE-E513A292286A}.AppStore|iPhone.Build.0 = AppStore|iPhone
		{81355AC4-548C-4E94-AFDE-E513A292286A}.AppStore|iPhoneSimulator.ActiveCfg = AppStore|iPhoneSimulator
		{81355AC4-548C-4E94-AFDE-E513A292286A}.AppStore|iPhoneSimulator.Build.0 = AppStore|iPhoneSimulator
		{81355AC4-548C-4E94-AFDE-E513A292286A}.Debug|Any CPU.ActiveCfg = Debug|iPhone
		{81355AC4-548C-4E94-AFDE-E513A292286A}.Debug|iPhone.ActiveCfg = Debug|iPhone
		{81355AC4-548C-4E94-AFDE-E513A292286A}.Debug|iPhone.Build.0 = Debug|iPhone
		{81355AC4-548C-4E94-AFDE-E513A292286A}.Debug|iPhoneSimulator.ActiveCfg = Debug|iPhoneSimulator
		{81355AC4-548C-4E94-AFDE-E513A292286A}.Debug|iPhoneSimulator.Build.0 = Debug|iPhoneSimulator
		{81355AC4-548C-4E94-AFDE-E513A292286A}.Release|Any CPU.ActiveCfg = Release|iPhone
		{81355AC4-548C-4E94-AFDE-E513A292286A}.Release|iPhone.ActiveCfg = Release|iPhone
		{81355AC4-548C-4E94-AFDE-E513A292286A}.Release|iPhone.Build.0 = Release|iPhone
		{81355AC4-548C-4E94-AFDE-E513A292286A}.Release|iPhoneSimulator.ActiveCfg = Release|iPhoneSimulator
		{81355AC4-548C-4E94-AFDE-E513A292286A}.Release|iPhoneSimulator.Build.0 = Release|iPhoneSimulator
	EndGlobalSection
	GlobalSection(SolutionProperties) = preSolution
		HideSolutionNode = FALSE
	EndGlobalSection
EndGlobal
